{
    "requires": true,
    "lockfileVersion": 1,
    "dependencies": {
        "@types/node": {
            "version": "7.10.6",
            "resolved": "https://registry.npmjs.org/@types/node/-/node-7.10.6.tgz",
            "integrity": "sha512-d0BOAicT0tEdbdVQlLGOVul1kvg6YvbaADRCThGCz5NJ0e9r00SofcR1x69hmlCyrHuB6jd4cKzL9bMLjPnpAA=="
        },
        "delay.ts": {
            "version": "1.1.0",
            "resolved": "https://registry.npmjs.org/delay.ts/-/delay.ts-1.1.0.tgz",
            "integrity": "sha1-2sXo6NTUsQd5cNv4TAOtnimwz+Q=",
            "requires": {
                "@types/node": "^7.0.5"
            }
        },
        "lodash": {
            "version": "4.17.11",
            "resolved": "https://registry.npmjs.org/lodash/-/lodash-4.17.11.tgz",
            "integrity": "sha512-cQKh8igo5QUhZ7lg38DYWAxMvjSAKG0A8wGSVimP07SIUEK2UO+arSRKbRZWtelMtN5V0Hkwh5ryOto/SshYIg=="
        },
        "ng2-completer": {
            "version": "2.0.8",
            "resolved": "https://registry.npmjs.org/ng2-completer/-/ng2-completer-2.0.8.tgz",
            "integrity": "sha512-WzxJ4u3vAHsfBUaFCloEBoirPZrnDabtWEKyDok7dtjhS1ZvcbwQ4asdXuDO0hZ0T1QC66U/PwLhKfkG501hVg=="
        },
        "ng2-file-upload": {
            "version": "1.3.0",
            "resolved": "https://registry.npmjs.org/ng2-file-upload/-/ng2-file-upload-1.3.0.tgz",
            "integrity": "sha512-Pudxik6LWYsT8hNiEW7RfjgGWAnvfQywxwJYMdt1snTUe+KnlRc/QqPv3QEQW6plXTanuLkYz/TbqilSfSHOsw=="
        },
        "ng2-smart-table": {
            "version": "1.4.0",
            "resolved": "https://registry.npmjs.org/ng2-smart-table/-/ng2-smart-table-1.4.0.tgz",
            "integrity": "sha512-5acg+v1L6mUUdvrddPRXCYiJ6dYHIRQA/efXj06Am20Gf7wxtCGAy6fCLA1ww8qJB8scR1qRDpzPQhMMuGRZhQ==",
            "requires": {
                "lodash": "^4.17.10"
            }
        },
        "rxjs-compat": {
            "version": "6.5.1",
            "resolved": "https://registry.npmjs.org/rxjs-compat/-/rxjs-compat-6.5.1.tgz",
            "integrity": "sha512-k0aaMAYFg+DCIUxo3yJcUamFRenWLR23e/VJCQvKOxwSd9DQlwcSn2ov+7b23rKaX4weKG7OrzEBWGqQPkQ07A=="
        }
    }
}
